
Microsoft Visual Studio Solution File, Format Version 12.00
# Visual Studio Version 16
VisualStudioVersion = 16.0.30002.166
MinimumVisualStudioVersion = 10.0.40219.1
Project("{FAE04EC0-301F-11D3-BF4B-00C04F79EFBC}") = "MVC_Northwind", "MVC_Northwind\MVC_Northwind.csproj", "{AC8B9355-98F6-4DAA-BA00-AC4D0506D0CB}"
EndProject
Global
	GlobalSection(SolutionConfigurationPlatforms) = preSolution
		Debug|Any CPU = Debug|Any CPU
		Release|Any CPU = Release|Any CPU
	EndGlobalSection
	GlobalSection(ProjectConfigurationPlatforms) = postSolution
		{AC8B9355-98F6-4DAA-BA00-AC4D0506D0CB}.Debug|Any CPU.ActiveCfg = Debug|Any CPU
		{AC8B9355-98F6-4DAA-BA00-AC4D0506D0CB}.Debug|Any CPU.Build.0 = Debug|Any CPU
		{AC8B9355-98F6-4DAA-BA00-AC4D0506D0CB}.Release|Any CPU.ActiveCfg = Release|Any CPU
		{AC8B9355-98F6-4DAA-BA00-AC4D0506D0CB}.Release|Any CPU.Build.0 = Release|Any CPU
	EndGlobalSection
	GlobalSection(SolutionProperties) = preSolution
		HideSolutionNode = FALSE
	EndGlobalSection
	GlobalSection(ExtensibilityGlobals) = postSolution
		SolutionGuid = {37CB6A4D-7DF8-488A-9AF6-742A220FAAF5}
	EndGlobalSection
EndGlobal
